// !$*UTF8*$!
{
	archiveVersion = 1;
	classes = {
	};
	objectVersion = 46;
	objects = {

/* Begin PBXBuildFile section */
		924C02981EE55A55001DB65C /* CitytoNum.cpp in Sources */ = {isa = PBXBuildFile; fileRef = 924C02971EE55A55001DB65C /* CitytoNum.cpp */; };
		926BCA8B1EE423D40067F574 /* System.cpp in Sources */ = {isa = PBXBuildFile; fileRef = 926BCA8A1EE423D40067F574 /* System.cpp */; };
		926BCA8E1EE424290067F574 /* City.cpp in Sources */ = {isa = PBXBuildFile; fileRef = 926BCA8D1EE424290067F574 /* City.cpp */; };
		926BCA901EE424800067F574 /* Arc.cpp in Sources */ = {isa = PBXBuildFile; fileRef = 926BCA8F1EE424800067F574 /* Arc.cpp */; };
		926BCA921EE424BB0067F574 /* Egde.cpp in Sources */ = {isa = PBXBuildFile; fileRef = 926BCA911EE424BB0067F574 /* Egde.cpp */; };
		926BCA941EE424EB0067F574 /* Plane.cpp in Sources */ = {isa = PBXBuildFile; fileRef = 926BCA931EE424EB0067F574 /* Plane.cpp */; };
		926BCA961EE4252D0067F574 /* Check_Table.cpp in Sources */ = {isa = PBXBuildFile; fileRef = 926BCA951EE4252D0067F574 /* Check_Table.cpp */; };
		926BCA981EE425560067F574 /* Customer.cpp in Sources */ = {isa = PBXBuildFile; fileRef = 926BCA971EE425560067F574 /* Customer.cpp */; };
		926BCA9A1EE425850067F574 /* Booked.cpp in Sources */ = {isa = PBXBuildFile; fileRef = 926BCA991EE425850067F574 /* Booked.cpp */; };
		926BCA9C1EE425930067F574 /* Alternative.cpp in Sources */ = {isa = PBXBuildFile; fileRef = 926BCA9B1EE425930067F574 /* Alternative.cpp */; };
		92827DEF1ED302E800312F8E /* main.cpp in Sources */ = {isa = PBXBuildFile; fileRef = 92827DEE1ED302E800312F8E /* main.cpp */; };
		92827DF71ED3032100312F8E /* airplane.cpp in Sources */ = {isa = PBXBuildFile; fileRef = 92827DF51ED3032100312F8E /* airplane.cpp */; };
/* End PBXBuildFile section */

/* Begin PBXCopyFilesBuildPhase section */
		92827DE91ED302E800312F8E /* CopyFiles */ = {
			isa = PBXCopyFilesBuildPhase;
			buildActionMask = 2147483647;
			dstPath = /usr/share/man/man1/;
			dstSubfolderSpec = 0;
			files = (
			);
			runOnlyForDeploymentPostprocessing = 1;
		};
/* End PBXCopyFilesBuildPhase section */

/* Begin PBXFileReference section */
		922A0ED21ED70F360025C456 /* City.txt */ = {isa = PBXFileReference; fileEncoding = 4; lastKnownFileType = text; path = City.txt; sourceTree = "<group>"; };
		922A0ED31ED70F360025C456 /* plane.txt */ = {isa = PBXFileReference; fileEncoding = 4; lastKnownFileType = text; path = plane.txt; sourceTree = "<group>"; };
		924C02971EE55A55001DB65C /* CitytoNum.cpp */ = {isa = PBXFileReference; fileEncoding = 4; lastKnownFileType = sourcecode.cpp.cpp; path = CitytoNum.cpp; sourceTree = "<group>"; };
		926BCA8A1EE423D40067F574 /* System.cpp */ = {isa = PBXFileReference; fileEncoding = 4; lastKnownFileType = sourcecode.cpp.cpp; path = System.cpp; sourceTree = "<group>"; };
		926BCA8D1EE424290067F574 /* City.cpp */ = {isa = PBXFileReference; fileEncoding = 4; lastKnownFileType = sourcecode.cpp.cpp; path = City.cpp; sourceTree = "<group>"; };
		926BCA8F1EE424800067F574 /* Arc.cpp */ = {isa = PBXFileReference; fileEncoding = 4; lastKnownFileType = sourcecode.cpp.cpp; path = Arc.cpp; sourceTree = "<group>"; };
		926BCA911EE424BB0067F574 /* Egde.cpp */ = {isa = PBXFileReference; fileEncoding = 4; lastKnownFileType = sourcecode.cpp.cpp; path = Egde.cpp; sourceTree = "<group>"; };
		926BCA931EE424EB0067F574 /* Plane.cpp */ = {isa = PBXFileReference; fileEncoding = 4; lastKnownFileType = sourcecode.cpp.cpp; path = Plane.cpp; sourceTree = "<group>"; };
		926BCA951EE4252D0067F574 /* Check_Table.cpp */ = {isa = PBXFileReference; fileEncoding = 4; lastKnownFileType = sourcecode.cpp.cpp; path = Check_Table.cpp; sourceTree = "<group>"; };
		926BCA971EE425560067F574 /* Customer.cpp */ = {isa = PBXFileReference; fileEncoding = 4; lastKnownFileType = sourcecode.cpp.cpp; path = Customer.cpp; sourceTree = "<group>"; };
		926BCA991EE425850067F574 /* Booked.cpp */ = {isa = PBXFileReference; fileEncoding = 4; lastKnownFileType = sourcecode.cpp.cpp; path = Booked.cpp; sourceTree = "<group>"; };
		926BCA9B1EE425930067F574 /* Alternative.cpp */ = {isa = PBXFileReference; fileEncoding = 4; lastKnownFileType = sourcecode.cpp.cpp; path = Alternative.cpp; sourceTree = "<group>"; };
		92827DEB1ED302E800312F8E /* airplane */ = {isa = PBXFileReference; explicitFileType = "compiled.mach-o.executable"; includeInIndex = 0; path = airplane; sourceTree = BUILT_PRODUCTS_DIR; };
		92827DEE1ED302E800312F8E /* main.cpp */ = {isa = PBXFileReference; lastKnownFileType = sourcecode.cpp.cpp; path = main.cpp; sourceTree = "<group>"; };
		92827DF51ED3032100312F8E /* airplane.cpp */ = {isa = PBXFileReference; fileEncoding = 4; lastKnownFileType = sourcecode.cpp.cpp; path = airplane.cpp; sourceTree = "<group>"; };
		92827DF61ED3032100312F8E /* airplane.hpp */ = {isa = PBXFileReference; fileEncoding = 4; lastKnownFileType = sourcecode.cpp.h; path = airplane.hpp; sourceTree = "<group>"; };
/* End PBXFileReference section */

/* Begin PBXFrameworksBuildPhase section */
		92827DE81ED302E800312F8E /* Frameworks */ = {
			isa = PBXFrameworksBuildPhase;
			buildActionMask = 2147483647;
			files = (
			);
			runOnlyForDeploymentPostprocessing = 0;
		};
/* End PBXFrameworksBuildPhase section */

/* Begin PBXGroup section */
		926BCA9D1EE425FC0067F574 /* USER */ = {
			isa = PBXGroup;
			children = (
				926BCA991EE425850067F574 /* Booked.cpp */,
				926BCA9B1EE425930067F574 /* Alternative.cpp */,
				926BCA971EE425560067F574 /* Customer.cpp */,
			);
			name = USER;
			sourceTree = "<group>";
		};
		926BCA9E1EE426210067F574 /* PLANE */ = {
			isa = PBXGroup;
			children = (
				926BCA951EE4252D0067F574 /* Check_Table.cpp */,
				926BCA931EE424EB0067F574 /* Plane.cpp */,
				926BCA911EE424BB0067F574 /* Egde.cpp */,
				926BCA8F1EE424800067F574 /* Arc.cpp */,
				926BCA8D1EE424290067F574 /* City.cpp */,
				924C02971EE55A55001DB65C /* CitytoNum.cpp */,
				92827DF51ED3032100312F8E /* airplane.cpp */,
			);
			name = PLANE;
			sourceTree = "<group>";
		};
		92827DE21ED302E800312F8E = {
			isa = PBXGroup;
			children = (
				92827DED1ED302E800312F8E /* airplane */,
				92827DEC1ED302E800312F8E /* Products */,
			);
			sourceTree = "<group>";
		};
		92827DEC1ED302E800312F8E /* Products */ = {
			isa = PBXGroup;
			children = (
				92827DEB1ED302E800312F8E /* airplane */,
			);
			name = Products;
			sourceTree = "<group>";
		};
		92827DED1ED302E800312F8E /* airplane */ = {
			isa = PBXGroup;
			children = (
				922A0ED21ED70F360025C456 /* City.txt */,
				922A0ED31ED70F360025C456 /* plane.txt */,
				92827DEE1ED302E800312F8E /* main.cpp */,
				92827DF61ED3032100312F8E /* airplane.hpp */,
				926BCA9D1EE425FC0067F574 /* USER */,
				926BCA9E1EE426210067F574 /* PLANE */,
				926BCA8A1EE423D40067F574 /* System.cpp */,
			);
			path = airplane;
			sourceTree = "<group>";
		};
/* End PBXGroup section */

/* Begin PBXNativeTarget section */
		92827DEA1ED302E800312F8E /* airplane */ = {
			isa = PBXNativeTarget;
			buildConfigurationList = 92827DF21ED302E800312F8E /* Build configuration list for PBXNativeTarget "airplane" */;
			buildPhases = (
				92827DE71ED302E800312F8E /* Sources */,
				92827DE81ED302E800312F8E /* Frameworks */,
				92827DE91ED302E800312F8E /* CopyFiles */,
			);
			buildRules = (
			);
			dependencies = (
			);
			name = airplane;
			productName = airplane;
			productReference = 92827DEB1ED302E800312F8E /* airplane */;
			productType = "com.apple.product-type.tool";
		};
/* End PBXNativeTarget section */

/* Begin PBXProject section */
		92827DE31ED302E800312F8E /* Project object */ = {
			isa = PBXProject;
			attributes = {
				LastUpgradeCheck = 0830;
				ORGANIZATIONNAME = "杜金鸿";
				TargetAttributes = {
					92827DEA1ED302E800312F8E = {
						CreatedOnToolsVersion = 8.3.2;
						DevelopmentTeam = 2G8N8WX85D;
						ProvisioningStyle = Automatic;
					};
				};
			};
			buildConfigurationList = 92827DE61ED302E800312F8E /* Build configuration list for PBXProject "airplane" */;
			compatibilityVersion = "Xcode 3.2";
			developmentRegion = English;
			hasScannedForEncodings = 0;
			knownRegions = (
				en,
			);
			mainGroup = 92827DE21ED302E800312F8E;
			productRefGroup = 92827DEC1ED302E800312F8E /* Products */;
			projectDirPath = "";
			projectRoot = "";
			targets = (
				92827DEA1ED302E800312F8E /* airplane */,
			);
		};
/* End PBXProject section */

/* Begin PBXSourcesBuildPhase section */
		92827DE71ED302E800312F8E /* Sources */ = {
			isa = PBXSourcesBuildPhase;
			buildActionMask = 2147483647;
			files = (
				926BCA921EE424BB0067F574 /* Egde.cpp in Sources */,
				926BCA8B1EE423D40067F574 /* System.cpp in Sources */,
				92827DEF1ED302E800312F8E /* main.cpp in Sources */,
				926BCA9A1EE425850067F574 /* Booked.cpp in Sources */,
				926BCA9C1EE425930067F574 /* Alternative.cpp in Sources */,
				926BCA8E1EE424290067F574 /* City.cpp in Sources */,
				926BCA901EE424800067F574 /* Arc.cpp in Sources */,
				926BCA961EE4252D0067F574 /* Check_Table.cpp in Sources */,
				926BCA981EE425560067F574 /* Customer.cpp in Sources */,
				926BCA941EE424EB0067F574 /* Plane.cpp in Sources */,
				924C02981EE55A55001DB65C /* CitytoNum.cpp in Sources */,
				92827DF71ED3032100312F8E /* airplane.cpp in Sources */,
			);
			runOnlyForDeploymentPostprocessing = 0;
		};
/* End PBXSourcesBuildPhase section */

/* Begin XCBuildConfiguration section */
		92827DF01ED302E800312F8E /* Debug */ = {
			isa = XCBuildConfiguration;
			buildSettings = {
				ALWAYS_SEARCH_USER_PATHS = NO;
				CLANG_ANALYZER_NONNULL = YES;
				CLANG_ANALYZER_NUMBER_OBJECT_CONVERSION = YES_AGGRESSIVE;
				CLANG_CXX_LANGUAGE_STANDARD = "gnu++0x";
				CLANG_CXX_LIBRARY = "libc++";
				CLANG_ENABLE_MODULES = YES;
				CLANG_ENABLE_OBJC_ARC = YES;
				CLANG_WARN_BOOL_CONVERSION = YES;
				CLANG_WARN_CONSTANT_CONVERSION = YES;
				CLANG_WARN_DIRECT_OBJC_ISA_USAGE = YES_ERROR;
				CLANG_WARN_DOCUMENTATION_COMMENTS = YES;
				CLANG_WARN_EMPTY_BODY = YES;
				CLANG_WARN_ENUM_CONVERSION = YES;
				CLANG_WARN_INFINITE_RECURSION = YES;
				CLANG_WARN_INT_CONVERSION = YES;
				CLANG_WARN_OBJC_ROOT_CLASS = YES_ERROR;
				CLANG_WARN_SUSPICIOUS_MOVE = YES;
				CLANG_WARN_UNREACHABLE_CODE = YES;
				CLANG_WARN__DUPLICATE_METHOD_MATCH = YES;
				CODE_SIGN_IDENTITY = "-";
				COPY_PHASE_STRIP = NO;
				DEBUG_INFORMATION_FORMAT = dwarf;
				ENABLE_STRICT_OBJC_MSGSEND = YES;
				ENABLE_TESTABILITY = YES;
				GCC_C_LANGUAGE_STANDARD = gnu99;
				GCC_DYNAMIC_NO_PIC = NO;
				GCC_NO_COMMON_BLOCKS = YES;
				GCC_OPTIMIZATION_LEVEL = 0;
				GCC_PREPROCESSOR_DEFINITIONS = (
					"DEBUG=1",
					"$(inherited)",
				);
				GCC_WARN_64_TO_32_BIT_CONVERSION = YES;
				GCC_WARN_ABOUT_RETURN_TYPE = YES_ERROR;
				GCC_WARN_UNDECLARED_SELECTOR = YES;
				GCC_WARN_UNINITIALIZED_AUTOS = YES_AGGRESSIVE;
				GCC_WARN_UNUSED_FUNCTION = YES;
				GCC_WARN_UNUSED_VARIABLE = YES;
				MACOSX_DEPLOYMENT_TARGET = 10.12;
				MTL_ENABLE_DEBUG_INFO = YES;
				ONLY_ACTIVE_ARCH = YES;
				SDKROOT = macosx;
			};
			name = Debug;
		};
		92827DF11ED302E800312F8E /* Release */ = {
			isa = XCBuildConfiguration;
			buildSettings = {
				ALWAYS_SEARCH_USER_PATHS = NO;
				CLANG_ANALYZER_NONNULL = YES;
				CLANG_ANALYZER_NUMBER_OBJECT_CONVERSION = YES_AGGRESSIVE;
				CLANG_CXX_LANGUAGE_STANDARD = "gnu++0x";
				CLANG_CXX_LIBRARY = "libc++";
				CLANG_ENABLE_MODULES = YES;
				CLANG_ENABLE_OBJC_ARC = YES;
				CLANG_WARN_BOOL_CONVERSION = YES;
				CLANG_WARN_CONSTANT_CONVERSION = YES;
				CLANG_WARN_DIRECT_OBJC_ISA_USAGE = YES_ERROR;
				CLANG_WARN_DOCUMENTATION_COMMENTS = YES;
				CLANG_WARN_EMPTY_BODY = YES;
				CLANG_WARN_ENUM_CONVERSION = YES;
				CLANG_WARN_INFINITE_RECURSION = YES;
				CLANG_WARN_INT_CONVERSION = YES;
				CLANG_WARN_OBJC_ROOT_CLASS = YES_ERROR;
				CLANG_WARN_SUSPICIOUS_MOVE = YES;
				CLANG_WARN_UNREACHABLE_CODE = YES;
				CLANG_WARN__DUPLICATE_METHOD_MATCH = YES;
				CODE_SIGN_IDENTITY = "-";
				COPY_PHASE_STRIP = NO;
				DEBUG_INFORMATION_FORMAT = "dwarf-with-dsym";
				ENABLE_NS_ASSERTIONS = NO;
				ENABLE_STRICT_OBJC_MSGSEND = YES;
				GCC_C_LANGUAGE_STANDARD = gnu99;
				GCC_NO_COMMON_BLOCKS = YES;
				GCC_WARN_64_TO_32_BIT_CONVERSION = YES;
				GCC_WARN_ABOUT_RETURN_TYPE = YES_ERROR;
				GCC_WARN_UNDECLARED_SELECTOR = YES;
				GCC_WARN_UNINITIALIZED_AUTOS = YES_AGGRESSIVE;
				GCC_WARN_UNUSED_FUNCTION = YES;
				GCC_WARN_UNUSED_VARIABLE = YES;
				MACOSX_DEPLOYMENT_TARGET = 10.12;
				MTL_ENABLE_DEBUG_INFO = NO;
				SDKROOT = macosx;
			};
			name = Release;
		};
		92827DF31ED302E800312F8E /* Debug */ = {
			isa = XCBuildConfiguration;
			buildSettings = {
				DEVELOPMENT_TEAM = 2G8N8WX85D;
				PRODUCT_NAME = "$(TARGET_NAME)";
			};
			name = Debug;
		};
		92827DF41ED302E800312F8E /* Release */ = {
			isa = XCBuildConfiguration;
			buildSettings = {
				DEVELOPMENT_TEAM = 2G8N8WX85D;
				PRODUCT_NAME = "$(TARGET_NAME)";
			};
			name = Release;
		};
/* End XCBuildConfiguration section */

/* Begin XCConfigurationList section */
		92827DE61ED302E800312F8E /* Build configuration list for PBXProject "airplane" */ = {
			isa = XCConfigurationList;
			buildConfigurations = (
				92827DF01ED302E800312F8E /* Debug */,
				92827DF11ED302E800312F8E /* Release */,
			);
			defaultConfigurationIsVisible = 0;
			defaultConfigurationName = Release;
		};
		92827DF21ED302E800312F8E /* Build configuration list for PBXNativeTarget "airplane" */ = {
			isa = XCConfigurationList;
			buildConfigurations = (
				92827DF31ED302E800312F8E /* Debug */,
				92827DF41ED302E800312F8E /* Release */,
			);
			defaultConfigurationIsVisible = 0;
			defaultConfigurationName = Release;
		};
/* End XCConfigurationList section */
	};
	rootObject = 92827DE31ED302E800312F8E /* Project object */;
}
